
Microsoft Visual Studio Solution File, Format Version 11.00
# Visual C# Express 2010
Project("{FAE04EC0-301F-11D3-BF4B-00C04F79EFBC}") = "Glarus", "Glarus.csproj", "{57878AA8-1395-464F-B178-C76337442649}"
EndProject
Global
	GlobalSection(SolutionConfigurationPlatforms) = preSolution
		Debug|x86 = Debug|x86
		Release|x86 = Release|x86
	EndGlobalSection
	GlobalSection(ProjectConfigurationPlatforms) = postSolution
		{57878AA8-1395-464F-B178-C76337442649}.Debug|x86.ActiveCfg = Debug|x86
		{57878AA8-1395-464F-B178-C76337442649}.Debug|x86.Build.0 = Debug|x86
		{57878AA8-1395-464F-B178-C76337442649}.Release|x86.ActiveCfg = Release|x86
		{57878AA8-1395-464F-B178-C76337442649}.Release|x86.Build.0 = Release|x86
	EndGlobalSection
	GlobalSection(SolutionProperties) = preSolution
		HideSolutionNode = FALSE
	EndGlobalSection
EndGlobal
